
Microsoft Visual Studio Solution File, Format Version 12.00
# Visual Studio Version 17
VisualStudioVersion = 17.0.32112.339
MinimumVisualStudioVersion = 10.0.40219.1
Project("{FAE04EC0-301F-11D3-BF4B-00C04F79EFBC}") = "01. Back To The Past", "01. Back To The Past\01. Back To The Past.csproj", "{DA5AC89C-10EC-4DEE-A152-0C6A07667BD2}"
EndProject
Project("{FAE04EC0-301F-11D3-BF4B-00C04F79EFBC}") = "02. Hospital", "02. Hospital\02. Hospital.csproj", "{377628A7-54ED-4C96-9108-7C7FF5D9BD7B}"
EndProject
Global
	GlobalSection(SolutionConfigurationPlatforms) = preSolution
		Debug|Any CPU = Debug|Any CPU
		Release|Any CPU = Release|Any CPU
	EndGlobalSection
	GlobalSection(ProjectConfigurationPlatforms) = postSolution
		{DA5AC89C-10EC-4DEE-A152-0C6A07667BD2}.Debug|Any CPU.ActiveCfg = Debug|Any CPU
		{DA5AC89C-10EC-4DEE-A152-0C6A07667BD2}.Debug|Any CPU.Build.0 = Debug|Any CPU
		{DA5AC89C-10EC-4DEE-A152-0C6A07667BD2}.Release|Any CPU.ActiveCfg = Release|Any CPU
		{DA5AC89C-10EC-4DEE-A152-0C6A07667BD2}.Release|Any CPU.Build.0 = Release|Any CPU
		{377628A7-54ED-4C96-9108-7C7FF5D9BD7B}.Debug|Any CPU.ActiveCfg = Debug|Any CPU
		{377628A7-54ED-4C96-9108-7C7FF5D9BD7B}.Debug|Any CPU.Build.0 = Debug|Any CPU
		{377628A7-54ED-4C96-9108-7C7FF5D9BD7B}.Release|Any CPU.ActiveCfg = Release|Any CPU
		{377628A7-54ED-4C96-9108-7C7FF5D9BD7B}.Release|Any CPU.Build.0 = Release|Any CPU
	EndGlobalSection
	GlobalSection(SolutionProperties) = preSolution
		HideSolutionNode = FALSE
	EndGlobalSection
	GlobalSection(ExtensibilityGlobals) = postSolution
		SolutionGuid = {081A4776-092D-443C-809D-815BE496768C}
	EndGlobalSection
EndGlobal
