
Microsoft Visual Studio Solution File, Format Version 12.00
# Visual Studio Version 17
VisualStudioVersion = 17.0.32112.339
MinimumVisualStudioVersion = 10.0.40219.1
Project("{FAE04EC0-301F-11D3-BF4B-00C04F79EFBC}") = "01. Hello SoftUni", "01. Hello SoftUni\01. Hello SoftUni.csproj", "{012D58FF-193A-4478-963A-2C668209858A}"
EndProject
Project("{FAE04EC0-301F-11D3-BF4B-00C04F79EFBC}") = "02. Nums 1-10", "02. Nums 1-10\02. Nums 1-10.csproj", "{BF44DF4E-B05B-4BF8-8063-6FC2B2696169}"
EndProject
Project("{FAE04EC0-301F-11D3-BF4B-00C04F79EFBC}") = "03. Rectangle Area", "03. Rectangle Area\03. Rectangle Area.csproj", "{7AFAA514-04AA-477A-8CD9-6C7574C717C1}"
EndProject
Project("{FAE04EC0-301F-11D3-BF4B-00C04F79EFBC}") = "04. Inches to Centimeters", "04. Inches to Centimeters\04. Inches to Centimeters.csproj", "{2461C1E7-985F-444C-BE0F-0D9A816DF6D8}"
EndProject
Project("{FAE04EC0-301F-11D3-BF4B-00C04F79EFBC}") = "05. Greeting by Name", "05. Greeting by Name\05. Greeting by Name.csproj", "{281BEB2D-DF05-464F-99DB-BBFB1962E987}"
EndProject
Project("{FAE04EC0-301F-11D3-BF4B-00C04F79EFBC}") = "06. Concatenate Data", "06. Concatenate Data\06. Concatenate Data.csproj", "{BBB48610-8309-4129-90F7-D14F86C98425}"
EndProject
Project("{FAE04EC0-301F-11D3-BF4B-00C04F79EFBC}") = "07. Projects Creation", "07. Projects Creation\07. Projects Creation.csproj", "{2C8C0005-7FA4-4F3C-97D2-1BC1EEF947BD}"
EndProject
Project("{FAE04EC0-301F-11D3-BF4B-00C04F79EFBC}") = "08. Pet Shop", "08. Pet Shop\08. Pet Shop.csproj", "{BBF4BD7E-760D-4F08-A4AC-386F94371111}"
EndProject
Project("{FAE04EC0-301F-11D3-BF4B-00C04F79EFBC}") = "09. Yard Greening", "09. Yard Greening\09. Yard Greening.csproj", "{B41705C2-8825-44E7-A1F1-E887DFCF6014}"
EndProject
Global
	GlobalSection(SolutionConfigurationPlatforms) = preSolution
		Debug|Any CPU = Debug|Any CPU
		Release|Any CPU = Release|Any CPU
	EndGlobalSection
	GlobalSection(ProjectConfigurationPlatforms) = postSolution
		{012D58FF-193A-4478-963A-2C668209858A}.Debug|Any CPU.ActiveCfg = Debug|Any CPU
		{012D58FF-193A-4478-963A-2C668209858A}.Debug|Any CPU.Build.0 = Debug|Any CPU
		{012D58FF-193A-4478-963A-2C668209858A}.Release|Any CPU.ActiveCfg = Release|Any CPU
		{012D58FF-193A-4478-963A-2C668209858A}.Release|Any CPU.Build.0 = Release|Any CPU
		{BF44DF4E-B05B-4BF8-8063-6FC2B2696169}.Debug|Any CPU.ActiveCfg = Debug|Any CPU
		{BF44DF4E-B05B-4BF8-8063-6FC2B2696169}.Debug|Any CPU.Build.0 = Debug|Any CPU
		{BF44DF4E-B05B-4BF8-8063-6FC2B2696169}.Release|Any CPU.ActiveCfg = Release|Any CPU
		{BF44DF4E-B05B-4BF8-8063-6FC2B2696169}.Release|Any CPU.Build.0 = Release|Any CPU
		{7AFAA514-04AA-477A-8CD9-6C7574C717C1}.Debug|Any CPU.ActiveCfg = Debug|Any CPU
		{7AFAA514-04AA-477A-8CD9-6C7574C717C1}.Debug|Any CPU.Build.0 = Debug|Any CPU
		{7AFAA514-04AA-477A-8CD9-6C7574C717C1}.Release|Any CPU.ActiveCfg = Release|Any CPU
		{7AFAA514-04AA-477A-8CD9-6C7574C717C1}.Release|Any CPU.Build.0 = Release|Any CPU
		{2461C1E7-985F-444C-BE0F-0D9A816DF6D8}.Debug|Any CPU.ActiveCfg = Debug|Any CPU
		{2461C1E7-985F-444C-BE0F-0D9A816DF6D8}.Debug|Any CPU.Build.0 = Debug|Any CPU
		{2461C1E7-985F-444C-BE0F-0D9A816DF6D8}.Release|Any CPU.ActiveCfg = Release|Any CPU
		{2461C1E7-985F-444C-BE0F-0D9A816DF6D8}.Release|Any CPU.Build.0 = Release|Any CPU
		{281BEB2D-DF05-464F-99DB-BBFB1962E987}.Debug|Any CPU.ActiveCfg = Debug|Any CPU
		{281BEB2D-DF05-464F-99DB-BBFB1962E987}.Debug|Any CPU.Build.0 = Debug|Any CPU
		{281BEB2D-DF05-464F-99DB-BBFB1962E987}.Release|Any CPU.ActiveCfg = Release|Any CPU
		{281BEB2D-DF05-464F-99DB-BBFB1962E987}.Release|Any CPU.Build.0 = Release|Any CPU
		{BBB48610-8309-4129-90F7-D14F86C98425}.Debug|Any CPU.ActiveCfg = Debug|Any CPU
		{BBB48610-8309-4129-90F7-D14F86C98425}.Debug|Any CPU.Build.0 = Debug|Any CPU
		{BBB48610-8309-4129-90F7-D14F86C98425}.Release|Any CPU.ActiveCfg = Release|Any CPU
		{BBB48610-8309-4129-90F7-D14F86C98425}.Release|Any CPU.Build.0 = Release|Any CPU
		{2C8C0005-7FA4-4F3C-97D2-1BC1EEF947BD}.Debug|Any CPU.ActiveCfg = Debug|Any CPU
		{2C8C0005-7FA4-4F3C-97D2-1BC1EEF947BD}.Debug|Any CPU.Build.0 = Debug|Any CPU
		{2C8C0005-7FA4-4F3C-97D2-1BC1EEF947BD}.Release|Any CPU.ActiveCfg = Release|Any CPU
		{2C8C0005-7FA4-4F3C-97D2-1BC1EEF947BD}.Release|Any CPU.Build.0 = Release|Any CPU
		{BBF4BD7E-760D-4F08-A4AC-386F94371111}.Debug|Any CPU.ActiveCfg = Debug|Any CPU
		{BBF4BD7E-760D-4F08-A4AC-386F94371111}.Debug|Any CPU.Build.0 = Debug|Any CPU
		{BBF4BD7E-760D-4F08-A4AC-386F94371111}.Release|Any CPU.ActiveCfg = Release|Any CPU
		{BBF4BD7E-760D-4F08-A4AC-386F94371111}.Release|Any CPU.Build.0 = Release|Any CPU
		{B41705C2-8825-44E7-A1F1-E887DFCF6014}.Debug|Any CPU.ActiveCfg = Debug|Any CPU
		{B41705C2-8825-44E7-A1F1-E887DFCF6014}.Debug|Any CPU.Build.0 = Debug|Any CPU
		{B41705C2-8825-44E7-A1F1-E887DFCF6014}.Release|Any CPU.ActiveCfg = Release|Any CPU
		{B41705C2-8825-44E7-A1F1-E887DFCF6014}.Release|Any CPU.Build.0 = Release|Any CPU
	EndGlobalSection
	GlobalSection(SolutionProperties) = preSolution
		HideSolutionNode = FALSE
	EndGlobalSection
	GlobalSection(ExtensibilityGlobals) = postSolution
		SolutionGuid = {AF583FB9-AE79-49B9-A9DE-A1B8FE330DF0}
	EndGlobalSection
EndGlobal
